
Microsoft Visual Studio Solution File, Format Version 12.00
# Visual Studio Version 17
VisualStudioVersion = 17.5.33530.505
MinimumVisualStudioVersion = 10.0.40219.1
Project("{FAE04EC0-301F-11D3-BF4B-00C04F79EFBC}") = "LMS_Assig.", "..\LMS_Assig\LMS_Assig\LMS_Assig..csproj", "{38C53BF9-2CB7-4D2A-922C-1AC2BAD946AE}"
EndProject
Global
	GlobalSection(SolutionConfigurationPlatforms) = preSolution
		Debug|Any CPU = Debug|Any CPU
		Release|Any CPU = Release|Any CPU
	EndGlobalSection
	GlobalSection(ProjectConfigurationPlatforms) = postSolution
		{38C53BF9-2CB7-4D2A-922C-1AC2BAD946AE}.Debug|Any CPU.ActiveCfg = Debug|Any CPU
		{38C53BF9-2CB7-4D2A-922C-1AC2BAD946AE}.Debug|Any CPU.Build.0 = Debug|Any CPU
		{38C53BF9-2CB7-4D2A-922C-1AC2BAD946AE}.Release|Any CPU.ActiveCfg = Release|Any CPU
		{38C53BF9-2CB7-4D2A-922C-1AC2BAD946AE}.Release|Any CPU.Build.0 = Release|Any CPU
	EndGlobalSection
	GlobalSection(SolutionProperties) = preSolution
		HideSolutionNode = FALSE
	EndGlobalSection
	GlobalSection(ExtensibilityGlobals) = postSolution
		SolutionGuid = {CDFE93BA-D868-44FB-A91A-2166A3FB6C13}
	EndGlobalSection
EndGlobal
